
Microsoft Visual Studio Solution File, Format Version 12.00
# Visual Studio Version 17
VisualStudioVersion = 17.8.34330.188
MinimumVisualStudioVersion = 10.0.40219.1
Project("{FAE04EC0-301F-11D3-BF4B-00C04F79EFBC}") = "Assignment2", "Assignment2\Assignment2.csproj", "{0B2F34F1-923C-4FAC-B06E-9EDA41FC132A}"
EndProject
Global
	GlobalSection(SolutionConfigurationPlatforms) = preSolution
		Debug|Any CPU = Debug|Any CPU
		Release|Any CPU = Release|Any CPU
	EndGlobalSection
	GlobalSection(ProjectConfigurationPlatforms) = postSolution
		{0B2F34F1-923C-4FAC-B06E-9EDA41FC132A}.Debug|Any CPU.ActiveCfg = Debug|Any CPU
		{0B2F34F1-923C-4FAC-B06E-9EDA41FC132A}.Debug|Any CPU.Build.0 = Debug|Any CPU
		{0B2F34F1-923C-4FAC-B06E-9EDA41FC132A}.Release|Any CPU.ActiveCfg = Release|Any CPU
		{0B2F34F1-923C-4FAC-B06E-9EDA41FC132A}.Release|Any CPU.Build.0 = Release|Any CPU
	EndGlobalSection
	GlobalSection(SolutionProperties) = preSolution
		HideSolutionNode = FALSE
	EndGlobalSection
	GlobalSection(ExtensibilityGlobals) = postSolution
		SolutionGuid = {DBAEC9E4-112D-442F-82AE-DC6B1E3F3AEB}
	EndGlobalSection
EndGlobal
