
Microsoft Visual Studio Solution File, Format Version 12.00
# Visual Studio Version 17
VisualStudioVersion = 17.6.33712.159
MinimumVisualStudioVersion = 10.0.40219.1
Project("{FAE04EC0-301F-11D3-BF4B-00C04F79EFBC}") = "InvoiceSystem", "InvoiceSystem\InvoiceSystem.csproj", "{444CEB77-8D55-42ED-BCE1-78970F0866B6}"
EndProject
Global
	GlobalSection(SolutionConfigurationPlatforms) = preSolution
		Debug|Any CPU = Debug|Any CPU
		Release|Any CPU = Release|Any CPU
	EndGlobalSection
	GlobalSection(ProjectConfigurationPlatforms) = postSolution
		{444CEB77-8D55-42ED-BCE1-78970F0866B6}.Debug|Any CPU.ActiveCfg = Debug|Any CPU
		{444CEB77-8D55-42ED-BCE1-78970F0866B6}.Debug|Any CPU.Build.0 = Debug|Any CPU
		{444CEB77-8D55-42ED-BCE1-78970F0866B6}.Release|Any CPU.ActiveCfg = Release|Any CPU
		{444CEB77-8D55-42ED-BCE1-78970F0866B6}.Release|Any CPU.Build.0 = Release|Any CPU
	EndGlobalSection
	GlobalSection(SolutionProperties) = preSolution
		HideSolutionNode = FALSE
	EndGlobalSection
	GlobalSection(ExtensibilityGlobals) = postSolution
		SolutionGuid = {8D239573-6E9D-4FE1-9B4E-74BAD3CF6FF4}
	EndGlobalSection
EndGlobal
